
Microsoft Visual Studio Solution File, Format Version 12.00
# Visual Studio Version 17
VisualStudioVersion = 17.5.33103.201
MinimumVisualStudioVersion = 10.0.40219.1
Project("{FAE04EC0-301F-11D3-BF4B-00C04F79EFBC}") = "UrlShorter.Domain", "UrlShorter.Domain\UrlShorter.Domain.csproj", "{77DC59CF-144C-433A-B67D-52502CE12095}"
EndProject
Project("{2150E333-8FDC-42A3-9474-1A3956D46DE8}") = "src", "src", "{A09F90E5-59D2-40A3-823E-476D4AE8C727}"
EndProject
Project("{2150E333-8FDC-42A3-9474-1A3956D46DE8}") = "Core", "Core", "{9069A2AB-EB67-46B9-8256-84D3F44E0C96}"
EndProject
Global
	GlobalSection(SolutionConfigurationPlatforms) = preSolution
		Debug|Any CPU = Debug|Any CPU
		Release|Any CPU = Release|Any CPU
	EndGlobalSection
	GlobalSection(ProjectConfigurationPlatforms) = postSolution
		{77DC59CF-144C-433A-B67D-52502CE12095}.Debug|Any CPU.ActiveCfg = Debug|Any CPU
		{77DC59CF-144C-433A-B67D-52502CE12095}.Debug|Any CPU.Build.0 = Debug|Any CPU
		{77DC59CF-144C-433A-B67D-52502CE12095}.Release|Any CPU.ActiveCfg = Release|Any CPU
		{77DC59CF-144C-433A-B67D-52502CE12095}.Release|Any CPU.Build.0 = Release|Any CPU
	EndGlobalSection
	GlobalSection(SolutionProperties) = preSolution
		HideSolutionNode = FALSE
	EndGlobalSection
	GlobalSection(NestedProjects) = preSolution
		{77DC59CF-144C-433A-B67D-52502CE12095} = {9069A2AB-EB67-46B9-8256-84D3F44E0C96}
		{9069A2AB-EB67-46B9-8256-84D3F44E0C96} = {A09F90E5-59D2-40A3-823E-476D4AE8C727}
	EndGlobalSection
	GlobalSection(ExtensibilityGlobals) = postSolution
		SolutionGuid = {95A6614A-F5AB-4960-8216-DEFD3B005C73}
	EndGlobalSection
EndGlobal
